lockfileVersion: '6.0'

settings:
  autoInstallPeers: true
  excludeLinksFromLockfile: false

dependencies:
  turndown:
    specifier: ^7.1.2
    version: 7.1.2

packages:

  /domino@2.1.6:
    resolution: {integrity: sha512-3VdM/SXBZX2omc9JF9nOPCtDaYQ67BGp5CoLpIQlO2KCAPETs8TcDHacF26jXadGbvUteZzRTeos2fhID5+ucQ==}
    dev: false

  /turndown@7.1.2:
    resolution: {integrity: sha512-ntI9R7fcUKjqBP6QU8rBK2Ehyt8LAzt3UBT9JR9tgo6GtuKvyUzpayWmeMKJw1DPdXzktvtIT8m2mVXz+bL/Qg==}
    dependencies:
      domino: 2.1.6
    dev: false
